
Microsoft Visual Studio Solution File, Format Version 12.00
# Visual Studio Version 17
VisualStudioVersion = 17.14.37216.2
MinimumVisualStudioVersion = 10.0.40219.1
Project("{8BC9CEB8-8B4A-11D0-8D11-00A0C91BC942}") = "Problem01", "Problem01\Problem01.vcxproj", "{8A0DBD1C-9CDE-459E-A48D-6712F5A76339}"
EndProject
Project("{8BC9CEB8-8B4A-11D0-8D11-00A0C91BC942}") = "Problem02", "Problem02\Problem02.vcxproj", "{D0A5C494-C107-4F8B-902E-19EE4C036D81}"
EndProject
Project("{8BC9CEB8-8B4A-11D0-8D11-00A0C91BC942}") = "Problem03", "Problem03\Problem03.vcxproj", "{93B7F9DD-360C-4DEE-8F31-443F453427AA}"
EndProject
Project("{8BC9CEB8-8B4A-11D0-8D11-00A0C91BC942}") = "Problem04", "Problem04\Problem04.vcxproj", "{B6572D0B-075E-4035-862D-9CFAFF68430D}"
EndProject
Project("{8BC9CEB8-8B4A-11D0-8D11-00A0C91BC942}") = "Problem05", "Problem05\Problem05.vcxproj", "{FC751D56-2E7C-4A66-B361-99400E7B3A6F}"
EndProject
Project("{8BC9CEB8-8B4A-11D0-8D11-00A0C91BC942}") = "Problem06", "Problem06\Problem06.vcxproj", "{EA3B2D46-729B-4111-BBDA-C5FCAB8E06B4}"
EndProject
Project("{8BC9CEB8-8B4A-11D0-8D11-00A0C91BC942}") = "Problem07", "Problem07\Problem07.vcxproj", "{D7DB4798-014D-4CC9-84E0-44EDBDF5CF7E}"
EndProject
Project("{8BC9CEB8-8B4A-11D0-8D11-00A0C91BC942}") = "Problem08", "Problem08\Problem08.vcxproj", "{221B50C8-4FBB-4B92-8D10-BB0DA53A4170}"
EndProject
Project("{8BC9CEB8-8B4A-11D0-8D11-00A0C91BC942}") = "Problem09", "Problem09\Problem09.vcxproj", "{E692FEB4-DB18-41F7-AD2D-E8F920698424}"
EndProject
Project("{8BC9CEB8-8B4A-11D0-8D11-00A0C91BC942}") = "Problem10", "Problem10\Problem10.vcxproj", "{DD94F7F6-5918-4AED-BB49-4FB5C8A1F6FF}"
EndProject
Project("{8BC9CEB8-8B4A-11D0-8D11-00A0C91BC942}") = "Problem11", "Problem11\Problem11.vcxproj", "{A93D6FD8-0D34-4D2E-A060-A73916BE4966}"
EndProject
Project("{8BC9CEB8-8B4A-11D0-8D11-00A0C91BC942}") = "Problem12", "Problem12\Problem12.vcxproj", "{4978050D-6453-4C05-ABE5-CC7AF876B1D0}"
EndProject
Project("{8BC9CEB8-8B4A-11D0-8D11-00A0C91BC942}") = "Problem13", "Problem13\Problem13.vcxproj", "{87949429-D329-4300-A1B9-70408024118B}"
EndProject
Project("{8BC9CEB8-8B4A-11D0-8D11-00A0C91BC942}") = "Problem14", "Problem14\Problem14.vcxproj", "{CE7E8D60-4E3A-4243-B47A-45C2EF909711}"
EndProject
Project("{8BC9CEB8-8B4A-11D0-8D11-00A0C91BC942}") = "Problem15", "Problem15\Problem15.vcxproj", "{0FE31CEA-52A7-4DFC-B20E-F7331BD786DA}"
EndProject
Project("{8BC9CEB8-8B4A-11D0-8D11-00A0C91BC942}") = "Problem16", "Problem16\Problem16.vcxproj", "{AD33FE64-CD63-40D5-B4DB-3BBD93933B0C}"
EndProject
Project("{8BC9CEB8-8B4A-11D0-8D11-00A0C91BC942}") = "Problem17", "Problem17\Problem17.vcxproj", "{9B7DE9E5-DE70-4F23-A59E-C908A9155FF6}"
EndProject
Project("{8BC9CEB8-8B4A-11D0-8D11-00A0C91BC942}") = "Problem18", "Problem18\Problem18.vcxproj", "{864A69A6-074D-4C1E-BDB7-9AF5EB1B17B7}"
EndProject
Project("{8BC9CEB8-8B4A-11D0-8D11-00A0C91BC942}") = "Problem19", "Problem19\Problem19.vcxproj", "{978D85FC-69B2-40DB-A3D9-4480B2ED736D}"
EndProject
Project("{8BC9CEB8-8B4A-11D0-8D11-00A0C91BC942}") = "Problem20", "Problem20\Problem20.vcxproj", "{B77B4337-F05E-40CF-B511-206783631422}"
EndProject
Project("{8BC9CEB8-8B4A-11D0-8D11-00A0C91BC942}") = "Problem21", "Problem21\Problem21.vcxproj", "{D622A4AA-6543-4A8A-AF73-C2214DB491A0}"
EndProject
Project("{8BC9CEB8-8B4A-11D0-8D11-00A0C91BC942}") = "Problem22", "Problem22\Problem22.vcxproj", "{12373CF6-FEE9-49D1-B382-A9613124B37E}"
EndProject
Project("{8BC9CEB8-8B4A-11D0-8D11-00A0C91BC942}") = "Problem23", "Problem23\Problem23.vcxproj", "{21F3FBFD-011D-4480-8FBF-29DE06FAE889}"
EndProject
Project("{8BC9CEB8-8B4A-11D0-8D11-00A0C91BC942}") = "Problem24", "Problem24\Problem24.vcxproj", "{5D3F546F-5FE1-4C90-8F77-630CF4E5CD63}"
EndProject
Project("{8BC9CEB8-8B4A-11D0-8D11-00A0C91BC942}") = "Problem25", "Problem25\Problem25.vcxproj", "{AAA42A91-52AC-4E41-8BB6-EA2F5ABFBECB}"
EndProject
Project("{8BC9CEB8-8B4A-11D0-8D11-00A0C91BC942}") = "Problem26", "Problem26\Problem26.vcxproj", "{F2F8D10D-0992-4DD3-82FC-34EFE7770846}"
EndProject
Project("{8BC9CEB8-8B4A-11D0-8D11-00A0C91BC942}") = "Problem27", "Problem27\Problem27.vcxproj", "{00563B92-1EE4-489E-AB7B-F7DE8B4145CE}"
EndProject
Project("{8BC9CEB8-8B4A-11D0-8D11-00A0C91BC942}") = "Problem28", "Problem28\Problem28.vcxproj", "{299EB7C4-42B6-42F8-8CFB-3E8F853E9E57}"
EndProject
Project("{8BC9CEB8-8B4A-11D0-8D11-00A0C91BC942}") = "Problem29", "Problem29\Problem29.vcxproj", "{08E0BC1C-4040-47C1-959E-F373D951975E}"
EndProject
Project("{8BC9CEB8-8B4A-11D0-8D11-00A0C91BC942}") = "Problem30", "Problem30\Problem30.vcxproj", "{93793771-DA68-4258-BECF-808E5450E472}"
EndProject
Global
	GlobalSection(SolutionConfigurationPlatforms) = preSolution
		Debug|x64 = Debug|x64
		Debug|x86 = Debug|x86
		Release|x64 = Release|x64
		Release|x86 = Release|x86
	EndGlobalSection
	GlobalSection(ProjectConfigurationPlatforms) = postSolution
		{8A0DBD1C-9CDE-459E-A48D-6712F5A76339}.Debug|x64.ActiveCfg = Debug|x64
		{8A0DBD1C-9CDE-459E-A48D-6712F5A76339}.Debug|x64.Build.0 = Debug|x64
		{8A0DBD1C-9CDE-459E-A48D-6712F5A76339}.Debug|x86.ActiveCfg = Debug|Win32
		{8A0DBD1C-9CDE-459E-A48D-6712F5A76339}.Debug|x86.Build.0 = Debug|Win32
		{8A0DBD1C-9CDE-459E-A48D-6712F5A76339}.Release|x64.ActiveCfg = Release|x64
		{8A0DBD1C-9CDE-459E-A48D-6712F5A76339}.Release|x64.Build.0 = Release|x64
		{8A0DBD1C-9CDE-459E-A48D-6712F5A76339}.Release|x86.ActiveCfg = Release|Win32
		{8A0DBD1C-9CDE-459E-A48D-6712F5A76339}.Release|x86.Build.0 = Release|Win32
		{D0A5C494-C107-4F8B-902E-19EE4C036D81}.Debug|x64.ActiveCfg = Debug|x64
		{D0A5C494-C107-4F8B-902E-19EE4C036D81}.Debug|x64.Build.0 = Debug|x64
		{D0A5C494-C107-4F8B-902E-19EE4C036D81}.Debug|x86.ActiveCfg = Debug|Win32
		{D0A5C494-C107-4F8B-902E-19EE4C036D81}.Debug|x86.Build.0 = Debug|Win32
		{D0A5C494-C107-4F8B-902E-19EE4C036D81}.Release|x64.ActiveCfg = Release|x64
		{D0A5C494-C107-4F8B-902E-19EE4C036D81}.Release|x64.Build.0 = Release|x64
		{D0A5C494-C107-4F8B-902E-19EE4C036D81}.Release|x86.ActiveCfg = Release|Win32
		{D0A5C494-C107-4F8B-902E-19EE4C036D81}.Release|x86.Build.0 = Release|Win32
		{93B7F9DD-360C-4DEE-8F31-443F453427AA}.Debug|x64.ActiveCfg = Debug|x64
		{93B7F9DD-360C-4DEE-8F31-443F453427AA}.Debug|x64.Build.0 = Debug|x64
		{93B7F9DD-360C-4DEE-8F31-443F453427AA}.Debug|x86.ActiveCfg = Debug|Win32
		{93B7F9DD-360C-4DEE-8F31-443F453427AA}.Debug|x86.Build.0 = Debug|Win32
		{93B7F9DD-360C-4DEE-8F31-443F453427AA}.Release|x64.ActiveCfg = Release|x64
		{93B7F9DD-360C-4DEE-8F31-443F453427AA}.Release|x64.Build.0 = Release|x64
		{93B7F9DD-360C-4DEE-8F31-443F453427AA}.Release|x86.ActiveCfg = Release|Win32
		{93B7F9DD-360C-4DEE-8F31-443F453427AA}.Release|x86.Build.0 = Release|Win32
		{B6572D0B-075E-4035-862D-9CFAFF68430D}.Debug|x64.ActiveCfg = Debug|x64
		{B6572D0B-075E-4035-862D-9CFAFF68430D}.Debug|x64.Build.0 = Debug|x64
		{B6572D0B-075E-4035-862D-9CFAFF68430D}.Debug|x86.ActiveCfg = Debug|Win32
		{B6572D0B-075E-4035-862D-9CFAFF68430D}.Debug|x86.Build.0 = Debug|Win32
		{B6572D0B-075E-4035-862D-9CFAFF68430D}.Release|x64.ActiveCfg = Release|x64
		{B6572D0B-075E-4035-862D-9CFAFF68430D}.Release|x64.Build.0 = Release|x64
		{B6572D0B-075E-4035-862D-9CFAFF68430D}.Release|x86.ActiveCfg = Release|Win32
		{B6572D0B-075E-4035-862D-9CFAFF68430D}.Release|x86.Build.0 = Release|Win32
		{FC751D56-2E7C-4A66-B361-99400E7B3A6F}.Debug|x64.ActiveCfg = Debug|x64
		{FC751D56-2E7C-4A66-B361-99400E7B3A6F}.Debug|x64.Build.0 = Debug|x64
		{FC751D56-2E7C-4A66-B361-99400E7B3A6F}.Debug|x86.ActiveCfg = Debug|Win32
		{FC751D56-2E7C-4A66-B361-99400E7B3A6F}.Debug|x86.Build.0 = Debug|Win32
		{FC751D56-2E7C-4A66-B361-99400E7B3A6F}.Release|x64.ActiveCfg = Release|x64
		{FC751D56-2E7C-4A66-B361-99400E7B3A6F}.Release|x64.Build.0 = Release|x64
		{FC751D56-2E7C-4A66-B361-99400E7B3A6F}.Release|x86.ActiveCfg = Release|Win32
		{FC751D56-2E7C-4A66-B361-99400E7B3A6F}.Release|x86.Build.0 = Release|Win32
		{EA3B2D46-729B-4111-BBDA-C5FCAB8E06B4}.Debug|x64.ActiveCfg = Debug|x64
		{EA3B2D46-729B-4111-BBDA-C5FCAB8E06B4}.Debug|x64.Build.0 = Debug|x64
		{EA3B2D46-729B-4111-BBDA-C5FCAB8E06B4}.Debug|x86.ActiveCfg = Debug|Win32
		{EA3B2D46-729B-4111-BBDA-C5FCAB8E06B4}.Debug|x86.Build.0 = Debug|Win32
		{EA3B2D46-729B-4111-BBDA-C5FCAB8E06B4}.Release|x64.ActiveCfg = Release|x64
		{EA3B2D46-729B-4111-BBDA-C5FCAB8E06B4}.Release|x64.Build.0 = Release|x64
		{EA3B2D46-729B-4111-BBDA-C5FCAB8E06B4}.Release|x86.ActiveCfg = Release|Win32
		{EA3B2D46-729B-4111-BBDA-C5FCAB8E06B4}.Release|x86.Build.0 = Release|Win32
		{D7DB4798-014D-4CC9-84E0-44EDBDF5CF7E}.Debug|x64.ActiveCfg = Debug|x64
		{D7DB4798-014D-4CC9-84E0-44EDBDF5CF7E}.Debug|x64.Build.0 = Debug|x64
		{D7DB4798-014D-4CC9-84E0-44EDBDF5CF7E}.Debug|x86.ActiveCfg = Debug|Win32
		{D7DB4798-014D-4CC9-84E0-44EDBDF5CF7E}.Debug|x86.Build.0 = Debug|Win32
		{D7DB4798-014D-4CC9-84E0-44EDBDF5CF7E}.Release|x64.ActiveCfg = Release|x64
		{D7DB4798-014D-4CC9-84E0-44EDBDF5CF7E}.Release|x64.Build.0 = Release|x64
		{D7DB4798-014D-4CC9-84E0-44EDBDF5CF7E}.Release|x86.ActiveCfg = Release|Win32
		{D7DB4798-014D-4CC9-84E0-44EDBDF5CF7E}.Release|x86.Build.0 = Release|Win32
		{221B50C8-4FBB-4B92-8D10-BB0DA53A4170}.Debug|x64.ActiveCfg = Debug|x64
		{221B50C8-4FBB-4B92-8D10-BB0DA53A4170}.Debug|x64.Build.0 = Debug|x64
		{221B50C8-4FBB-4B92-8D10-BB0DA53A4170}.Debug|x86.ActiveCfg = Debug|Win32
		{221B50C8-4FBB-4B92-8D10-BB0DA53A4170}.Debug|x86.Build.0 = Debug|Win32
		{221B50C8-4FBB-4B92-8D10-BB0DA53A4170}.Release|x64.ActiveCfg = Release|x64
		{221B50C8-4FBB-4B92-8D10-BB0DA53A4170}.Release|x64.Build.0 = Release|x64
		{221B50C8-4FBB-4B92-8D10-BB0DA53A4170}.Release|x86.ActiveCfg = Release|Win32
		{221B50C8-4FBB-4B92-8D10-BB0DA53A4170}.Release|x86.Build.0 = Release|Win32
		{E692FEB4-DB18-41F7-AD2D-E8F920698424}.Debug|x64.ActiveCfg = Debug|x64
		{E692FEB4-DB18-41F7-AD2D-E8F920698424}.Debug|x64.Build.0 = Debug|x64
		{E692FEB4-DB18-41F7-AD2D-E8F920698424}.Debug|x86.ActiveCfg = Debug|Win32
		{E692FEB4-DB18-41F7-AD2D-E8F920698424}.Debug|x86.Build.0 = Debug|Win32
		{E692FEB4-DB18-41F7-AD2D-E8F920698424}.Release|x64.ActiveCfg = Release|x64
		{E692FEB4-DB18-41F7-AD2D-E8F920698424}.Release|x64.Build.0 = Release|x64
		{E692FEB4-DB18-41F7-AD2D-E8F920698424}.Release|x86.ActiveCfg = Release|Win32
		{E692FEB4-DB18-41F7-AD2D-E8F920698424}.Release|x86.Build.0 = Release|Win32
		{DD94F7F6-5918-4AED-BB49-4FB5C8A1F6FF}.Debug|x64.ActiveCfg = Debug|x64
		{DD94F7F6-5918-4AED-BB49-4FB5C8A1F6FF}.Debug|x64.Build.0 = Debug|x64
		{DD94F7F6-5918-4AED-BB49-4FB5C8A1F6FF}.Debug|x86.ActiveCfg = Debug|Win32
		{DD94F7F6-5918-4AED-BB49-4FB5C8A1F6FF}.Debug|x86.Build.0 = Debug|Win32
		{DD94F7F6-5918-4AED-BB49-4FB5C8A1F6FF}.Release|x64.ActiveCfg = Release|x64
		{DD94F7F6-5918-4AED-BB49-4FB5C8A1F6FF}.Release|x64.Build.0 = Release|x64
		{DD94F7F6-5918-4AED-BB49-4FB5C8A1F6FF}.Release|x86.ActiveCfg = Release|Win32
		{DD94F7F6-5918-4AED-BB49-4FB5C8A1F6FF}.Release|x86.Build.0 = Release|Win32
		{A93D6FD8-0D34-4D2E-A060-A73916BE4966}.Debug|x64.ActiveCfg = Debug|x64
		{A93D6FD8-0D34-4D2E-A060-A73916BE4966}.Debug|x64.Build.0 = Debug|x64
		{A93D6FD8-0D34-4D2E-A060-A73916BE4966}.Debug|x86.ActiveCfg = Debug|Win32
		{A93D6FD8-0D34-4D2E-A060-A73916BE4966}.Debug|x86.Build.0 = Debug|Win32
		{A93D6FD8-0D34-4D2E-A060-A73916BE4966}.Release|x64.ActiveCfg = Release|x64
		{A93D6FD8-0D34-4D2E-A060-A73916BE4966}.Release|x64.Build.0 = Release|x64
		{A93D6FD8-0D34-4D2E-A060-A73916BE4966}.Release|x86.ActiveCfg = Release|Win32
		{A93D6FD8-0D34-4D2E-A060-A73916BE4966}.Release|x86.Build.0 = Release|Win32
		{4978050D-6453-4C05-ABE5-CC7AF876B1D0}.Debug|x64.ActiveCfg = Debug|x64
		{4978050D-6453-4C05-ABE5-CC7AF876B1D0}.Debug|x64.Build.0 = Debug|x64
		{4978050D-6453-4C05-ABE5-CC7AF876B1D0}.Debug|x86.ActiveCfg = Debug|Win32
		{4978050D-6453-4C05-ABE5-CC7AF876B1D0}.Debug|x86.Build.0 = Debug|Win32
		{4978050D-6453-4C05-ABE5-CC7AF876B1D0}.Release|x64.ActiveCfg = Release|x64
		{4978050D-6453-4C05-ABE5-CC7AF876B1D0}.Release|x64.Build.0 = Release|x64
		{4978050D-6453-4C05-ABE5-CC7AF876B1D0}.Release|x86.ActiveCfg = Release|Win32
		{4978050D-6453-4C05-ABE5-CC7AF876B1D0}.Release|x86.Build.0 = Release|Win32
		{87949429-D329-4300-A1B9-70408024118B}.Debug|x64.ActiveCfg = Debug|x64
		{87949429-D329-4300-A1B9-70408024118B}.Debug|x64.Build.0 = Debug|x64
		{87949429-D329-4300-A1B9-70408024118B}.Debug|x86.ActiveCfg = Debug|Win32
		{87949429-D329-4300-A1B9-70408024118B}.Debug|x86.Build.0 = Debug|Win32
		{87949429-D329-4300-A1B9-70408024118B}.Release|x64.ActiveCfg = Release|x64
		{87949429-D329-4300-A1B9-70408024118B}.Release|x64.Build.0 = Release|x64
		{87949429-D329-4300-A1B9-70408024118B}.Release|x86.ActiveCfg = Release|Win32
		{87949429-D329-4300-A1B9-70408024118B}.Release|x86.Build.0 = Release|Win32
		{CE7E8D60-4E3A-4243-B47A-45C2EF909711}.Debug|x64.ActiveCfg = Debug|x64
		{CE7E8D60-4E3A-4243-B47A-45C2EF909711}.Debug|x64.Build.0 = Debug|x64
		{CE7E8D60-4E3A-4243-B47A-45C2EF909711}.Debug|x86.ActiveCfg = Debug|Win32
		{CE7E8D60-4E3A-4243-B47A-45C2EF909711}.Debug|x86.Build.0 = Debug|Win32
		{CE7E8D60-4E3A-4243-B47A-45C2EF909711}.Release|x64.ActiveCfg = Release|x64
		{CE7E8D60-4E3A-4243-B47A-45C2EF909711}.Release|x64.Build.0 = Release|x64
		{CE7E8D60-4E3A-4243-B47A-45C2EF909711}.Release|x86.ActiveCfg = Release|Win32
		{CE7E8D60-4E3A-4243-B47A-45C2EF909711}.Release|x86.Build.0 = Release|Win32
		{0FE31CEA-52A7-4DFC-B20E-F7331BD786DA}.Debug|x64.ActiveCfg = Debug|x64
		{0FE31CEA-52A7-4DFC-B20E-F7331BD786DA}.Debug|x64.Build.0 = Debug|x64
		{0FE31CEA-52A7-4DFC-B20E-F7331BD786DA}.Debug|x86.ActiveCfg = Debug|Win32
		{0FE31CEA-52A7-4DFC-B20E-F7331BD786DA}.Debug|x86.Build.0 = Debug|Win32
		{0FE31CEA-52A7-4DFC-B20E-F7331BD786DA}.Release|x64.ActiveCfg = Release|x64
		{0FE31CEA-52A7-4DFC-B20E-F7331BD786DA}.Release|x64.Build.0 = Release|x64
		{0FE31CEA-52A7-4DFC-B20E-F7331BD786DA}.Release|x86.ActiveCfg = Release|Win32
		{0FE31CEA-52A7-4DFC-B20E-F7331BD786DA}.Release|x86.Build.0 = Release|Win32
		{AD33FE64-CD63-40D5-B4DB-3BBD93933B0C}.Debug|x64.ActiveCfg = Debug|x64
		{AD33FE64-CD63-40D5-B4DB-3BBD93933B0C}.Debug|x64.Build.0 = Debug|x64
		{AD33FE64-CD63-40D5-B4DB-3BBD93933B0C}.Debug|x86.ActiveCfg = Debug|Win32
		{AD33FE64-CD63-40D5-B4DB-3BBD93933B0C}.Debug|x86.Build.0 = Debug|Win32
		{AD33FE64-CD63-40D5-B4DB-3BBD93933B0C}.Release|x64.ActiveCfg = Release|x64
		{AD33FE64-CD63-40D5-B4DB-3BBD93933B0C}.Release|x64.Build.0 = Release|x64
		{AD33FE64-CD63-40D5-B4DB-3BBD93933B0C}.Release|x86.ActiveCfg = Release|Win32
		{AD33FE64-CD63-40D5-B4DB-3BBD93933B0C}.Release|x86.Build.0 = Release|Win32
		{9B7DE9E5-DE70-4F23-A59E-C908A9155FF6}.Debug|x64.ActiveCfg = Debug|x64
		{9B7DE9E5-DE70-4F23-A59E-C908A9155FF6}.Debug|x64.Build.0 = Debug|x64
		{9B7DE9E5-DE70-4F23-A59E-C908A9155FF6}.Debug|x86.ActiveCfg = Debug|Win32
		{9B7DE9E5-DE70-4F23-A59E-C908A9155FF6}.Debug|x86.Build.0 = Debug|Win32
		{9B7DE9E5-DE70-4F23-A59E-C908A9155FF6}.Release|x64.ActiveCfg = Release|x64
		{9B7DE9E5-DE70-4F23-A59E-C908A9155FF6}.Release|x64.Build.0 = Release|x64
		{9B7DE9E5-DE70-4F23-A59E-C908A9155FF6}.Release|x86.ActiveCfg = Release|Win32
		{9B7DE9E5-DE70-4F23-A59E-C908A9155FF6}.Release|x86.Build.0 = Release|Win32
		{864A69A6-074D-4C1E-BDB7-9AF5EB1B17B7}.Debug|x64.ActiveCfg = Debug|x64
		{864A69A6-074D-4C1E-BDB7-9AF5EB1B17B7}.Debug|x64.Build.0 = Debug|x64
		{864A69A6-074D-4C1E-BDB7-9AF5EB1B17B7}.Debug|x86.ActiveCfg = Debug|Win32
		{864A69A6-074D-4C1E-BDB7-9AF5EB1B17B7}.Debug|x86.Build.0 = Debug|Win32
		{864A69A6-074D-4C1E-BDB7-9AF5EB1B17B7}.Release|x64.ActiveCfg = Release|x64
		{864A69A6-074D-4C1E-BDB7-9AF5EB1B17B7}.Release|x64.Build.0 = Release|x64
		{864A69A6-074D-4C1E-BDB7-9AF5EB1B17B7}.Release|x86.ActiveCfg = Release|Win32
		{864A69A6-074D-4C1E-BDB7-9AF5EB1B17B7}.Release|x86.Build.0 = Release|Win32
		{978D85FC-69B2-40DB-A3D9-4480B2ED736D}.Debug|x64.ActiveCfg = Debug|x64
		{978D85FC-69B2-40DB-A3D9-4480B2ED736D}.Debug|x64.Build.0 = Debug|x64
		{978D85FC-69B2-40DB-A3D9-4480B2ED736D}.Debug|x86.ActiveCfg = Debug|Win32
		{978D85FC-69B2-40DB-A3D9-4480B2ED736D}.Debug|x86.Build.0 = Debug|Win32
		{978D85FC-69B2-40DB-A3D9-4480B2ED736D}.Release|x64.ActiveCfg = Release|x64
		{978D85FC-69B2-40DB-A3D9-4480B2ED736D}.Release|x64.Build.0 = Release|x64
		{978D85FC-69B2-40DB-A3D9-4480B2ED736D}.Release|x86.ActiveCfg = Release|Win32
		{978D85FC-69B2-40DB-A3D9-4480B2ED736D}.Release|x86.Build.0 = Release|Win32
		{B77B4337-F05E-40CF-B511-206783631422}.Debug|x64.ActiveCfg = Debug|x64
		{B77B4337-F05E-40CF-B511-206783631422}.Debug|x64.Build.0 = Debug|x64
		{B77B4337-F05E-40CF-B511-206783631422}.Debug|x86.ActiveCfg = Debug|Win32
		{B77B4337-F05E-40CF-B511-206783631422}.Debug|x86.Build.0 = Debug|Win32
		{B77B4337-F05E-40CF-B511-206783631422}.Release|x64.ActiveCfg = Release|x64
		{B77B4337-F05E-40CF-B511-206783631422}.Release|x64.Build.0 = Release|x64
		{B77B4337-F05E-40CF-B511-206783631422}.Release|x86.ActiveCfg = Release|Win32
		{B77B4337-F05E-40CF-B511-206783631422}.Release|x86.Build.0 = Release|Win32
		{D622A4AA-6543-4A8A-AF73-C2214DB491A0}.Debug|x64.ActiveCfg = Debug|x64
		{D622A4AA-6543-4A8A-AF73-C2214DB491A0}.Debug|x64.Build.0 = Debug|x64
		{D622A4AA-6543-4A8A-AF73-C2214DB491A0}.Debug|x86.ActiveCfg = Debug|Win32
		{D622A4AA-6543-4A8A-AF73-C2214DB491A0}.Debug|x86.Build.0 = Debug|Win32
		{D622A4AA-6543-4A8A-AF73-C2214DB491A0}.Release|x64.ActiveCfg = Release|x64
		{D622A4AA-6543-4A8A-AF73-C2214DB491A0}.Release|x64.Build.0 = Release|x64
		{D622A4AA-6543-4A8A-AF73-C2214DB491A0}.Release|x86.ActiveCfg = Release|Win32
		{D622A4AA-6543-4A8A-AF73-C2214DB491A0}.Release|x86.Build.0 = Release|Win32
		{12373CF6-FEE9-49D1-B382-A9613124B37E}.Debug|x64.ActiveCfg = Debug|x64
		{12373CF6-FEE9-49D1-B382-A9613124B37E}.Debug|x64.Build.0 = Debug|x64
		{12373CF6-FEE9-49D1-B382-A9613124B37E}.Debug|x86.ActiveCfg = Debug|Win32
		{12373CF6-FEE9-49D1-B382-A9613124B37E}.Debug|x86.Build.0 = Debug|Win32
		{12373CF6-FEE9-49D1-B382-A9613124B37E}.Release|x64.ActiveCfg = Release|x64
		{12373CF6-FEE9-49D1-B382-A9613124B37E}.Release|x64.Build.0 = Release|x64
		{12373CF6-FEE9-49D1-B382-A9613124B37E}.Release|x86.ActiveCfg = Release|Win32
		{12373CF6-FEE9-49D1-B382-A9613124B37E}.Release|x86.Build.0 = Release|Win32
		{21F3FBFD-011D-4480-8FBF-29DE06FAE889}.Debug|x64.ActiveCfg = Debug|x64
		{21F3FBFD-011D-4480-8FBF-29DE06FAE889}.Debug|x64.Build.0 = Debug|x64
		{21F3FBFD-011D-4480-8FBF-29DE06FAE889}.Debug|x86.ActiveCfg = Debug|Win32
		{21F3FBFD-011D-4480-8FBF-29DE06FAE889}.Debug|x86.Build.0 = Debug|Win32
		{21F3FBFD-011D-4480-8FBF-29DE06FAE889}.Release|x64.ActiveCfg = Release|x64
		{21F3FBFD-011D-4480-8FBF-29DE06FAE889}.Release|x64.Build.0 = Release|x64
		{21F3FBFD-011D-4480-8FBF-29DE06FAE889}.Release|x86.ActiveCfg = Release|Win32
		{21F3FBFD-011D-4480-8FBF-29DE06FAE889}.Release|x86.Build.0 = Release|Win32
		{5D3F546F-5FE1-4C90-8F77-630CF4E5CD63}.Debug|x64.ActiveCfg = Debug|x64
		{5D3F546F-5FE1-4C90-8F77-630CF4E5CD63}.Debug|x64.Build.0 = Debug|x64
		{5D3F546F-5FE1-4C90-8F77-630CF4E5CD63}.Debug|x86.ActiveCfg = Debug|Win32
		{5D3F546F-5FE1-4C90-8F77-630CF4E5CD63}.Debug|x86.Build.0 = Debug|Win32
		{5D3F546F-5FE1-4C90-8F77-630CF4E5CD63}.Release|x64.ActiveCfg = Release|x64
		{5D3F546F-5FE1-4C90-8F77-630CF4E5CD63}.Release|x64.Build.0 = Release|x64
		{5D3F546F-5FE1-4C90-8F77-630CF4E5CD63}.Release|x86.ActiveCfg = Release|Win32
		{5D3F546F-5FE1-4C90-8F77-630CF4E5CD63}.Release|x86.Build.0 = Release|Win32
		{AAA42A91-52AC-4E41-8BB6-EA2F5ABFBECB}.Debug|x64.ActiveCfg = Debug|x64
		{AAA42A91-52AC-4E41-8BB6-EA2F5ABFBECB}.Debug|x64.Build.0 = Debug|x64
		{AAA42A91-52AC-4E41-8BB6-EA2F5ABFBECB}.Debug|x86.ActiveCfg = Debug|Win32
		{AAA42A91-52AC-4E41-8BB6-EA2F5ABFBECB}.Debug|x86.Build.0 = Debug|Win32
		{AAA42A91-52AC-4E41-8BB6-EA2F5ABFBECB}.Release|x64.ActiveCfg = Release|x64
		{AAA42A91-52AC-4E41-8BB6-EA2F5ABFBECB}.Release|x64.Build.0 = Release|x64
		{AAA42A91-52AC-4E41-8BB6-EA2F5ABFBECB}.Release|x86.ActiveCfg = Release|Win32
		{AAA42A91-52AC-4E41-8BB6-EA2F5ABFBECB}.Release|x86.Build.0 = Release|Win32
		{F2F8D10D-0992-4DD3-82FC-34EFE7770846}.Debug|x64.ActiveCfg = Debug|x64
		{F2F8D10D-0992-4DD3-82FC-34EFE7770846}.Debug|x64.Build.0 = Debug|x64
		{F2F8D10D-0992-4DD3-82FC-34EFE7770846}.Debug|x86.ActiveCfg = Debug|Win32
		{F2F8D10D-0992-4DD3-82FC-34EFE7770846}.Debug|x86.Build.0 = Debug|Win32
		{F2F8D10D-0992-4DD3-82FC-34EFE7770846}.Release|x64.ActiveCfg = Release|x64
		{F2F8D10D-0992-4DD3-82FC-34EFE7770846}.Release|x64.Build.0 = Release|x64
		{F2F8D10D-0992-4DD3-82FC-34EFE7770846}.Release|x86.ActiveCfg = Release|Win32
		{F2F8D10D-0992-4DD3-82FC-34EFE7770846}.Release|x86.Build.0 = Release|Win32
		{00563B92-1EE4-489E-AB7B-F7DE8B4145CE}.Debug|x64.ActiveCfg = Debug|x64
		{00563B92-1EE4-489E-AB7B-F7DE8B4145CE}.Debug|x64.Build.0 = Debug|x64
		{00563B92-1EE4-489E-AB7B-F7DE8B4145CE}.Debug|x86.ActiveCfg = Debug|Win32
		{00563B92-1EE4-489E-AB7B-F7DE8B4145CE}.Debug|x86.Build.0 = Debug|Win32
		{00563B92-1EE4-489E-AB7B-F7DE8B4145CE}.Release|x64.ActiveCfg = Release|x64
		{00563B92-1EE4-489E-AB7B-F7DE8B4145CE}.Release|x64.Build.0 = Release|x64
		{00563B92-1EE4-489E-AB7B-F7DE8B4145CE}.Release|x86.ActiveCfg = Release|Win32
		{00563B92-1EE4-489E-AB7B-F7DE8B4145CE}.Release|x86.Build.0 = Release|Win32
		{299EB7C4-42B6-42F8-8CFB-3E8F853E9E57}.Debug|x64.ActiveCfg = Debug|x64
		{299EB7C4-42B6-42F8-8CFB-3E8F853E9E57}.Debug|x64.Build.0 = Debug|x64
		{299EB7C4-42B6-42F8-8CFB-3E8F853E9E57}.Debug|x86.ActiveCfg = Debug|Win32
		{299EB7C4-42B6-42F8-8CFB-3E8F853E9E57}.Debug|x86.Build.0 = Debug|Win32
		{299EB7C4-42B6-42F8-8CFB-3E8F853E9E57}.Release|x64.ActiveCfg = Release|x64
		{299EB7C4-42B6-42F8-8CFB-3E8F853E9E57}.Release|x64.Build.0 = Release|x64
		{299EB7C4-42B6-42F8-8CFB-3E8F853E9E57}.Release|x86.ActiveCfg = Release|Win32
		{299EB7C4-42B6-42F8-8CFB-3E8F853E9E57}.Release|x86.Build.0 = Release|Win32
		{08E0BC1C-4040-47C1-959E-F373D951975E}.Debug|x64.ActiveCfg = Debug|x64
		{08E0BC1C-4040-47C1-959E-F373D951975E}.Debug|x64.Build.0 = Debug|x64
		{08E0BC1C-4040-47C1-959E-F373D951975E}.Debug|x86.ActiveCfg = Debug|Win32
		{08E0BC1C-4040-47C1-959E-F373D951975E}.Debug|x86.Build.0 = Debug|Win32
		{08E0BC1C-4040-47C1-959E-F373D951975E}.Release|x64.ActiveCfg = Release|x64
		{08E0BC1C-4040-47C1-959E-F373D951975E}.Release|x64.Build.0 = Release|x64
		{08E0BC1C-4040-47C1-959E-F373D951975E}.Release|x86.ActiveCfg = Release|Win32
		{08E0BC1C-4040-47C1-959E-F373D951975E}.Release|x86.Build.0 = Release|Win32
		{93793771-DA68-4258-BECF-808E5450E472}.Debug|x64.ActiveCfg = Debug|x64
		{93793771-DA68-4258-BECF-808E5450E472}.Debug|x64.Build.0 = Debug|x64
		{93793771-DA68-4258-BECF-808E5450E472}.Debug|x86.ActiveCfg = Debug|Win32
		{93793771-DA68-4258-BECF-808E5450E472}.Debug|x86.Build.0 = Debug|Win32
		{93793771-DA68-4258-BECF-808E5450E472}.Release|x64.ActiveCfg = Release|x64
		{93793771-DA68-4258-BECF-808E5450E472}.Release|x64.Build.0 = Release|x64
		{93793771-DA68-4258-BECF-808E5450E472}.Release|x86.ActiveCfg = Release|Win32
		{93793771-DA68-4258-BECF-808E5450E472}.Release|x86.Build.0 = Release|Win32
	EndGlobalSection
	GlobalSection(SolutionProperties) = preSolution
		HideSolutionNode = FALSE
	EndGlobalSection
	GlobalSection(ExtensibilityGlobals) = postSolution
		SolutionGuid = {4B6FACD1-6693-4F62-84D5-D5A223AC86A2}
	EndGlobalSection
EndGlobal
