
Microsoft Visual Studio Solution File, Format Version 12.00
# Visual Studio Version 17
VisualStudioVersion = 17.14.37216.2
MinimumVisualStudioVersion = 10.0.40219.1
Project("{8BC9CEB8-8B4A-11D0-8D11-00A0C91BC942}") = "Problem01", "Problem01\Problem01.vcxproj", "{8A0DBD1C-9CDE-459E-A48D-6712F5A76339}"
EndProject
Project("{8BC9CEB8-8B4A-11D0-8D11-00A0C91BC942}") = "Problem02", "Problem02\Problem02.vcxproj", "{D0A5C494-C107-4F8B-902E-19EE4C036D81}"
EndProject
Project("{8BC9CEB8-8B4A-11D0-8D11-00A0C91BC942}") = "Problem03", "Problem03\Problem03.vcxproj", "{93B7F9DD-360C-4DEE-8F31-443F453427AA}"
EndProject
Project("{8BC9CEB8-8B4A-11D0-8D11-00A0C91BC942}") = "Problem04", "Problem04\Problem04.vcxproj", "{B6572D0B-075E-4035-862D-9CFAFF68430D}"
EndProject
Project("{8BC9CEB8-8B4A-11D0-8D11-00A0C91BC942}") = "Problem05", "Problem05\Problem05.vcxproj", "{FC751D56-2E7C-4A66-B361-99400E7B3A6F}"
EndProject
Project("{8BC9CEB8-8B4A-11D0-8D11-00A0C91BC942}") = "Problem06", "Problem06\Problem06.vcxproj", "{EA3B2D46-729B-4111-BBDA-C5FCAB8E06B4}"
EndProject
Project("{8BC9CEB8-8B4A-11D0-8D11-00A0C91BC942}") = "Problem07", "Problem07\Problem07.vcxproj", "{D7DB4798-014D-4CC9-84E0-44EDBDF5CF7E}"
EndProject
Project("{8BC9CEB8-8B4A-11D0-8D11-00A0C91BC942}") = "Problem08", "Problem08\Problem08.vcxproj", "{221B50C8-4FBB-4B92-8D10-BB0DA53A4170}"
EndProject
Project("{8BC9CEB8-8B4A-11D0-8D11-00A0C91BC942}") = "Problem09", "Problem09\Problem09.vcxproj", "{E692FEB4-DB18-41F7-AD2D-E8F920698424}"
EndProject
Project("{8BC9CEB8-8B4A-11D0-8D11-00A0C91BC942}") = "Problem10", "Problem10\Problem10.vcxproj", "{DD94F7F6-5918-4AED-BB49-4FB5C8A1F6FF}"
EndProject
Project("{8BC9CEB8-8B4A-11D0-8D11-00A0C91BC942}") = "Problem11", "Problem11\Problem11.vcxproj", "{A93D6FD8-0D34-4D2E-A060-A73916BE4966}"
EndProject
Project("{8BC9CEB8-8B4A-11D0-8D11-00A0C91BC942}") = "Problem12", "Problem12\Problem12.vcxproj", "{4978050D-6453-4C05-ABE5-CC7AF876B1D0}"
EndProject
Project("{8BC9CEB8-8B4A-11D0-8D11-00A0C91BC942}") = "Problem13", "Problem13\Problem13.vcxproj", "{87949429-D329-4300-A1B9-70408024118B}"
EndProject
Project("{8BC9CEB8-8B4A-11D0-8D11-00A0C91BC942}") = "Problem14", "Problem14\Problem14.vcxproj", "{CE7E8D60-4E3A-4243-B47A-45C2EF909711}"
EndProject
Global
	GlobalSection(SolutionConfigurationPlatforms) = preSolution
		Debug|x64 = Debug|x64
		Debug|x86 = Debug|x86
		Release|x64 = Release|x64
		Release|x86 = Release|x86
	EndGlobalSection
	GlobalSection(ProjectConfigurationPlatforms) = postSolution
		{8A0DBD1C-9CDE-459E-A48D-6712F5A76339}.Debug|x64.ActiveCfg = Debug|x64
		{8A0DBD1C-9CDE-459E-A48D-6712F5A76339}.Debug|x64.Build.0 = Debug|x64
		{8A0DBD1C-9CDE-459E-A48D-6712F5A76339}.Debug|x86.ActiveCfg = Debug|Win32
		{8A0DBD1C-9CDE-459E-A48D-6712F5A76339}.Debug|x86.Build.0 = Debug|Win32
		{8A0DBD1C-9CDE-459E-A48D-6712F5A76339}.Release|x64.ActiveCfg = Release|x64
		{8A0DBD1C-9CDE-459E-A48D-6712F5A76339}.Release|x64.Build.0 = Release|x64
		{8A0DBD1C-9CDE-459E-A48D-6712F5A76339}.Release|x86.ActiveCfg = Release|Win32
		{8A0DBD1C-9CDE-459E-A48D-6712F5A76339}.Release|x86.Build.0 = Release|Win32
		{D0A5C494-C107-4F8B-902E-19EE4C036D81}.Debug|x64.ActiveCfg = Debug|x64
		{D0A5C494-C107-4F8B-902E-19EE4C036D81}.Debug|x64.Build.0 = Debug|x64
		{D0A5C494-C107-4F8B-902E-19EE4C036D81}.Debug|x86.ActiveCfg = Debug|Win32
		{D0A5C494-C107-4F8B-902E-19EE4C036D81}.Debug|x86.Build.0 = Debug|Win32
		{D0A5C494-C107-4F8B-902E-19EE4C036D81}.Release|x64.ActiveCfg = Release|x64
		{D0A5C494-C107-4F8B-902E-19EE4C036D81}.Release|x64.Build.0 = Release|x64
		{D0A5C494-C107-4F8B-902E-19EE4C036D81}.Release|x86.ActiveCfg = Release|Win32
		{D0A5C494-C107-4F8B-902E-19EE4C036D81}.Release|x86.Build.0 = Release|Win32
		{93B7F9DD-360C-4DEE-8F31-443F453427AA}.Debug|x64.ActiveCfg = Debug|x64
		{93B7F9DD-360C-4DEE-8F31-443F453427AA}.Debug|x64.Build.0 = Debug|x64
		{93B7F9DD-360C-4DEE-8F31-443F453427AA}.Debug|x86.ActiveCfg = Debug|Win32
		{93B7F9DD-360C-4DEE-8F31-443F453427AA}.Debug|x86.Build.0 = Debug|Win32
		{93B7F9DD-360C-4DEE-8F31-443F453427AA}.Release|x64.ActiveCfg = Release|x64
		{93B7F9DD-360C-4DEE-8F31-443F453427AA}.Release|x64.Build.0 = Release|x64
		{93B7F9DD-360C-4DEE-8F31-443F453427AA}.Release|x86.ActiveCfg = Release|Win32
		{93B7F9DD-360C-4DEE-8F31-443F453427AA}.Release|x86.Build.0 = Release|Win32
		{B6572D0B-075E-4035-862D-9CFAFF68430D}.Debug|x64.ActiveCfg = Debug|x64
		{B6572D0B-075E-4035-862D-9CFAFF68430D}.Debug|x64.Build.0 = Debug|x64
		{B6572D0B-075E-4035-862D-9CFAFF68430D}.Debug|x86.ActiveCfg = Debug|Win32
		{B6572D0B-075E-4035-862D-9CFAFF68430D}.Debug|x86.Build.0 = Debug|Win32
		{B6572D0B-075E-4035-862D-9CFAFF68430D}.Release|x64.ActiveCfg = Release|x64
		{B6572D0B-075E-4035-862D-9CFAFF68430D}.Release|x64.Build.0 = Release|x64
		{B6572D0B-075E-4035-862D-9CFAFF68430D}.Release|x86.ActiveCfg = Release|Win32
		{B6572D0B-075E-4035-862D-9CFAFF68430D}.Release|x86.Build.0 = Release|Win32
		{FC751D56-2E7C-4A66-B361-99400E7B3A6F}.Debug|x64.ActiveCfg = Debug|x64
		{FC751D56-2E7C-4A66-B361-99400E7B3A6F}.Debug|x64.Build.0 = Debug|x64
		{FC751D56-2E7C-4A66-B361-99400E7B3A6F}.Debug|x86.ActiveCfg = Debug|Win32
		{FC751D56-2E7C-4A66-B361-99400E7B3A6F}.Debug|x86.Build.0 = Debug|Win32
		{FC751D56-2E7C-4A66-B361-99400E7B3A6F}.Release|x64.ActiveCfg = Release|x64
		{FC751D56-2E7C-4A66-B361-99400E7B3A6F}.Release|x64.Build.0 = Release|x64
		{FC751D56-2E7C-4A66-B361-99400E7B3A6F}.Release|x86.ActiveCfg = Release|Win32
		{FC751D56-2E7C-4A66-B361-99400E7B3A6F}.Release|x86.Build.0 = Release|Win32
		{EA3B2D46-729B-4111-BBDA-C5FCAB8E06B4}.Debug|x64.ActiveCfg = Debug|x64
		{EA3B2D46-729B-4111-BBDA-C5FCAB8E06B4}.Debug|x64.Build.0 = Debug|x64
		{EA3B2D46-729B-4111-BBDA-C5FCAB8E06B4}.Debug|x86.ActiveCfg = Debug|Win32
		{EA3B2D46-729B-4111-BBDA-C5FCAB8E06B4}.Debug|x86.Build.0 = Debug|Win32
		{EA3B2D46-729B-4111-BBDA-C5FCAB8E06B4}.Release|x64.ActiveCfg = Release|x64
		{EA3B2D46-729B-4111-BBDA-C5FCAB8E06B4}.Release|x64.Build.0 = Release|x64
		{EA3B2D46-729B-4111-BBDA-C5FCAB8E06B4}.Release|x86.ActiveCfg = Release|Win32
		{EA3B2D46-729B-4111-BBDA-C5FCAB8E06B4}.Release|x86.Build.0 = Release|Win32
		{D7DB4798-014D-4CC9-84E0-44EDBDF5CF7E}.Debug|x64.ActiveCfg = Debug|x64
		{D7DB4798-014D-4CC9-84E0-44EDBDF5CF7E}.Debug|x64.Build.0 = Debug|x64
		{D7DB4798-014D-4CC9-84E0-44EDBDF5CF7E}.Debug|x86.ActiveCfg = Debug|Win32
		{D7DB4798-014D-4CC9-84E0-44EDBDF5CF7E}.Debug|x86.Build.0 = Debug|Win32
		{D7DB4798-014D-4CC9-84E0-44EDBDF5CF7E}.Release|x64.ActiveCfg = Release|x64
		{D7DB4798-014D-4CC9-84E0-44EDBDF5CF7E}.Release|x64.Build.0 = Release|x64
		{D7DB4798-014D-4CC9-84E0-44EDBDF5CF7E}.Release|x86.ActiveCfg = Release|Win32
		{D7DB4798-014D-4CC9-84E0-44EDBDF5CF7E}.Release|x86.Build.0 = Release|Win32
		{221B50C8-4FBB-4B92-8D10-BB0DA53A4170}.Debug|x64.ActiveCfg = Debug|x64
		{221B50C8-4FBB-4B92-8D10-BB0DA53A4170}.Debug|x64.Build.0 = Debug|x64
		{221B50C8-4FBB-4B92-8D10-BB0DA53A4170}.Debug|x86.ActiveCfg = Debug|Win32
		{221B50C8-4FBB-4B92-8D10-BB0DA53A4170}.Debug|x86.Build.0 = Debug|Win32
		{221B50C8-4FBB-4B92-8D10-BB0DA53A4170}.Release|x64.ActiveCfg = Release|x64
		{221B50C8-4FBB-4B92-8D10-BB0DA53A4170}.Release|x64.Build.0 = Release|x64
		{221B50C8-4FBB-4B92-8D10-BB0DA53A4170}.Release|x86.ActiveCfg = Release|Win32
		{221B50C8-4FBB-4B92-8D10-BB0DA53A4170}.Release|x86.Build.0 = Release|Win32
		{E692FEB4-DB18-41F7-AD2D-E8F920698424}.Debug|x64.ActiveCfg = Debug|x64
		{E692FEB4-DB18-41F7-AD2D-E8F920698424}.Debug|x64.Build.0 = Debug|x64
		{E692FEB4-DB18-41F7-AD2D-E8F920698424}.Debug|x86.ActiveCfg = Debug|Win32
		{E692FEB4-DB18-41F7-AD2D-E8F920698424}.Debug|x86.Build.0 = Debug|Win32
		{E692FEB4-DB18-41F7-AD2D-E8F920698424}.Release|x64.ActiveCfg = Release|x64
		{E692FEB4-DB18-41F7-AD2D-E8F920698424}.Release|x64.Build.0 = Release|x64
		{E692FEB4-DB18-41F7-AD2D-E8F920698424}.Release|x86.ActiveCfg = Release|Win32
		{E692FEB4-DB18-41F7-AD2D-E8F920698424}.Release|x86.Build.0 = Release|Win32
		{DD94F7F6-5918-4AED-BB49-4FB5C8A1F6FF}.Debug|x64.ActiveCfg = Debug|x64
		{DD94F7F6-5918-4AED-BB49-4FB5C8A1F6FF}.Debug|x64.Build.0 = Debug|x64
		{DD94F7F6-5918-4AED-BB49-4FB5C8A1F6FF}.Debug|x86.ActiveCfg = Debug|Win32
		{DD94F7F6-5918-4AED-BB49-4FB5C8A1F6FF}.Debug|x86.Build.0 = Debug|Win32
		{DD94F7F6-5918-4AED-BB49-4FB5C8A1F6FF}.Release|x64.ActiveCfg = Release|x64
		{DD94F7F6-5918-4AED-BB49-4FB5C8A1F6FF}.Release|x64.Build.0 = Release|x64
		{DD94F7F6-5918-4AED-BB49-4FB5C8A1F6FF}.Release|x86.ActiveCfg = Release|Win32
		{DD94F7F6-5918-4AED-BB49-4FB5C8A1F6FF}.Release|x86.Build.0 = Release|Win32
		{A93D6FD8-0D34-4D2E-A060-A73916BE4966}.Debug|x64.ActiveCfg = Debug|x64
		{A93D6FD8-0D34-4D2E-A060-A73916BE4966}.Debug|x64.Build.0 = Debug|x64
		{A93D6FD8-0D34-4D2E-A060-A73916BE4966}.Debug|x86.ActiveCfg = Debug|Win32
		{A93D6FD8-0D34-4D2E-A060-A73916BE4966}.Debug|x86.Build.0 = Debug|Win32
		{A93D6FD8-0D34-4D2E-A060-A73916BE4966}.Release|x64.ActiveCfg = Release|x64
		{A93D6FD8-0D34-4D2E-A060-A73916BE4966}.Release|x64.Build.0 = Release|x64
		{A93D6FD8-0D34-4D2E-A060-A73916BE4966}.Release|x86.ActiveCfg = Release|Win32
		{A93D6FD8-0D34-4D2E-A060-A73916BE4966}.Release|x86.Build.0 = Release|Win32
		{4978050D-6453-4C05-ABE5-CC7AF876B1D0}.Debug|x64.ActiveCfg = Debug|x64
		{4978050D-6453-4C05-ABE5-CC7AF876B1D0}.Debug|x64.Build.0 = Debug|x64
		{4978050D-6453-4C05-ABE5-CC7AF876B1D0}.Debug|x86.ActiveCfg = Debug|Win32
		{4978050D-6453-4C05-ABE5-CC7AF876B1D0}.Debug|x86.Build.0 = Debug|Win32
		{4978050D-6453-4C05-ABE5-CC7AF876B1D0}.Release|x64.ActiveCfg = Release|x64
		{4978050D-6453-4C05-ABE5-CC7AF876B1D0}.Release|x64.Build.0 = Release|x64
		{4978050D-6453-4C05-ABE5-CC7AF876B1D0}.Release|x86.ActiveCfg = Release|Win32
		{4978050D-6453-4C05-ABE5-CC7AF876B1D0}.Release|x86.Build.0 = Release|Win32
		{87949429-D329-4300-A1B9-70408024118B}.Debug|x64.ActiveCfg = Debug|x64
		{87949429-D329-4300-A1B9-70408024118B}.Debug|x64.Build.0 = Debug|x64
		{87949429-D329-4300-A1B9-70408024118B}.Debug|x86.ActiveCfg = Debug|Win32
		{87949429-D329-4300-A1B9-70408024118B}.Debug|x86.Build.0 = Debug|Win32
		{87949429-D329-4300-A1B9-70408024118B}.Release|x64.ActiveCfg = Release|x64
		{87949429-D329-4300-A1B9-70408024118B}.Release|x64.Build.0 = Release|x64
		{87949429-D329-4300-A1B9-70408024118B}.Release|x86.ActiveCfg = Release|Win32
		{87949429-D329-4300-A1B9-70408024118B}.Release|x86.Build.0 = Release|Win32
		{CE7E8D60-4E3A-4243-B47A-45C2EF909711}.Debug|x64.ActiveCfg = Debug|x64
		{CE7E8D60-4E3A-4243-B47A-45C2EF909711}.Debug|x64.Build.0 = Debug|x64
		{CE7E8D60-4E3A-4243-B47A-45C2EF909711}.Debug|x86.ActiveCfg = Debug|Win32
		{CE7E8D60-4E3A-4243-B47A-45C2EF909711}.Debug|x86.Build.0 = Debug|Win32
		{CE7E8D60-4E3A-4243-B47A-45C2EF909711}.Release|x64.ActiveCfg = Release|x64
		{CE7E8D60-4E3A-4243-B47A-45C2EF909711}.Release|x64.Build.0 = Release|x64
		{CE7E8D60-4E3A-4243-B47A-45C2EF909711}.Release|x86.ActiveCfg = Release|Win32
		{CE7E8D60-4E3A-4243-B47A-45C2EF909711}.Release|x86.Build.0 = Release|Win32
	EndGlobalSection
	GlobalSection(SolutionProperties) = preSolution
		HideSolutionNode = FALSE
	EndGlobalSection
	GlobalSection(ExtensibilityGlobals) = postSolution
		SolutionGuid = {4B6FACD1-6693-4F62-84D5-D5A223AC86A2}
	EndGlobalSection
EndGlobal
